// !$*UTF8*$!
{
	archiveVersion = 1;
	classes = {
	};
	objectVersion = 46;
	objects = {

/* Begin PBXBuildFile section */
		F2199BF6170C618400EDAEB0 /* UIKit.framework in Frameworks */ = {isa = PBXBuildFile; fileRef = F2199BF5170C618400EDAEB0 /* UIKit.framework */; };
		F2199BF8170C618400EDAEB0 /* Foundation.framework in Frameworks */ = {isa = PBXBuildFile; fileRef = F2199BF7170C618400EDAEB0 /* Foundation.framework */; };
		F2199BFA170C618400EDAEB0 /* CoreGraphics.framework in Frameworks */ = {isa = PBXBuildFile; fileRef = F2199BF9170C618400EDAEB0 /* CoreGraphics.framework */; };
		F2199C00170C618400EDAEB0 /* InfoPlist.strings in Resources */ = {isa = PBXBuildFile; fileRef = F2199BFE170C618400EDAEB0 /* InfoPlist.strings */; };
		F2199C02170C618400EDAEB0 /* main.m in Sources */ = {isa = PBXBuildFile; fileRef = F2199C01170C618400EDAEB0 /* main.m */; };
		F2199C06170C618400EDAEB0 /* testAppDelegate.m in Sources */ = {isa = PBXBuildFile; fileRef = F2199C05170C618400EDAEB0 /* testAppDelegate.m */; };
		F2199C0E170C618400EDAEB0 /* SenTestingKit.framework in Frameworks */ = {isa = PBXBuildFile; fileRef = F2199C0D170C618400EDAEB0 /* SenTestingKit.framework */; };
		F2199C0F170C618400EDAEB0 /* UIKit.framework in Frameworks */ = {isa = PBXBuildFile; fileRef = F2199BF5170C618400EDAEB0 /* UIKit.framework */; };
		F2199C10170C618400EDAEB0 /* Foundation.framework in Frameworks */ = {isa = PBXBuildFile; fileRef = F2199BF7170C618400EDAEB0 /* Foundation.framework */; };
		F2199C18170C618400EDAEB0 /* InfoPlist.strings in Resources */ = {isa = PBXBuildFile; fileRef = F2199C16170C618400EDAEB0 /* InfoPlist.strings */; };
		F2199C1B170C618400EDAEB0 /* MeetPeepsTests.m in Sources */ = {isa = PBXBuildFile; fileRef = F2199C1A170C618400EDAEB0 /* MeetPeepsTests.m */; };
/* End PBXBuildFile section */

/* Begin PBXContainerItemProxy section */
		F2199C11170C618400EDAEB0 /* PBXContainerItemProxy */ = {
			isa = PBXContainerItemProxy;
			containerPortal = F2199BE8170C618300EDAEB0 /* Project object */;
			proxyType = 1;
			remoteGlobalIDString = F2199BF0170C618400EDAEB0;
			remoteInfo = MeetPeeps;
		};
/* End PBXContainerItemProxy section */

/* Begin PBXFileReference section */
		F2199BF1170C618400EDAEB0 /* MeetPeeps.app */ = {isa = PBXFileReference; explicitFileType = wrapper.application; includeInIndex = 0; path = MeetPeeps.app; sourceTree = BUILT_PRODUCTS_DIR; };
		F2199BF5170C618400EDAEB0 /* UIKit.framework */ = {isa = PBXFileReference; lastKnownFileType = wrapper.framework; name = UIKit.framework; path = System/Library/Frameworks/UIKit.framework; sourceTree = SDKROOT; };
		F2199BF7170C618400EDAEB0 /* Foundation.framework */ = {isa = PBXFileReference; lastKnownFileType = wrapper.framework; name = Foundation.framework; path = System/Library/Frameworks/Foundation.framework; sourceTree = SDKROOT; };
		F2199BF9170C618400EDAEB0 /* CoreGraphics.framework */ = {isa = PBXFileReference; lastKnownFileType = wrapper.framework; name = CoreGraphics.framework; path = System/Library/Frameworks/CoreGraphics.framework; sourceTree = SDKROOT; };
		F2199BFD170C618400EDAEB0 /* MeetPeeps-Info.plist */ = {isa = PBXFileReference; path = "MeetPeeps-Info.plist"; sourceTree = "<group>"; };
		F2199BFF170C618400EDAEB0 /* en */ = {isa = PBXFileReference; lastKnownFileType = text.plist.strings; name = en; path = en.lproj/InfoPlist.strings; sourceTree = "<group>"; };
		F2199C01170C618400EDAEB0 /* main.m */ = {isa = PBXFileReference; lastKnownFileType = sourcecode.c.objc; path = main.m; sourceTree = "<group>"; };
		F2199C03170C618400EDAEB0 /* MeetPeeps-Prefix.pch */ = {isa = PBXFileReference; path = "MeetPeeps-Prefix.pch"; sourceTree = "<group>"; };
		F2199C04170C618400EDAEB0 /* testAppDelegate.h */ = {isa = PBXFileReference; path = testAppDelegate.h; sourceTree = "<group>"; };
		F2199C05170C618400EDAEB0 /* testAppDelegate.m */ = {isa = PBXFileReference; lastKnownFileType = sourcecode.c.objc; path = testAppDelegate.m; sourceTree = "<group>"; };
		F2199C0C170C618400EDAEB0 /* MeetPeepsTests.octest */ = {isa = PBXFileReference; explicitFileType = wrapper.cfbundle; includeInIndex = 0; path = MeetPeepsTests.octest; sourceTree = BUILT_PRODUCTS_DIR; };
		F2199C0D170C618400EDAEB0 /* SenTestingKit.framework */ = {isa = PBXFileReference; lastKnownFileType = wrapper.framework; name = SenTestingKit.framework; path = Library/Frameworks/SenTestingKit.framework; sourceTree = DEVELOPER_DIR; };
		F2199C15170C618400EDAEB0 /* MeetPeepsTests-Info.plist */ = {isa = PBXFileReference; path = "MeetPeepsTests-Info.plist"; sourceTree = "<group>"; };
		F2199C17170C618400EDAEB0 /* en */ = {isa = PBXFileReference; lastKnownFileType = text.plist.strings; name = en; path = en.lproj/InfoPlist.strings; sourceTree = "<group>"; };
		F2199C19170C618400EDAEB0 /* MeetPeepsTests.h */ = {isa = PBXFileReference; path = MeetPeepsTests.h; sourceTree = "<group>"; };
		F2199C1A170C618400EDAEB0 /* MeetPeepsTests.m */ = {isa = PBXFileReference; lastKnownFileType = sourcecode.c.objc; path = MeetPeepsTests.m; sourceTree = "<group>"; };
/* End PBXFileReference section */

/* Begin PBXFrameworksBuildPhase section */
		F2199BEE170C618400EDAEB0 /* Frameworks */ = {
			isa = PBXFrameworksBuildPhase;
			buildActionMask = 2147483647;
			files = (
				F2199BF6170C618400EDAEB0 /* UIKit.framework in Frameworks */,
				F2199BF8170C618400EDAEB0 /* Foundation.framework in Frameworks */,
				F2199BFA170C618400EDAEB0 /* CoreGraphics.framework in Frameworks */,
			);
			runOnlyForDeploymentPostprocessing = 0;
		};
		F2199C08170C618400EDAEB0 /* Frameworks */ = {
			isa = PBXFrameworksBuildPhase;
			buildActionMask = 2147483647;
			files = (
				F2199C0E170C618400EDAEB0 /* SenTestingKit.framework in Frameworks */,
				F2199C0F170C618400EDAEB0 /* UIKit.framework in Frameworks */,
				F2199C10170C618400EDAEB0 /* Foundation.framework in Frameworks */,
			);
			runOnlyForDeploymentPostprocessing = 0;
		};
/* End PBXFrameworksBuildPhase section */

/* Begin PBXGroup section */
		F2199BE6170C618300EDAEB0 = {
			isa = PBXGroup;
			children = (
				F2199BFB170C618400EDAEB0 /* MeetPeeps */,
				F2199C13170C618400EDAEB0 /* MeetPeepsTests */,
				F2199BF4170C618400EDAEB0 /* Frameworks */,
				F2199BF2170C618400EDAEB0 /* Products */,
			);
			sourceTree = "<group>";
		};
		F2199BF2170C618400EDAEB0 /* Products */ = {
			isa = PBXGroup;
			children = (
				F2199BF1170C618400EDAEB0 /* MeetPeeps.app */,
				F2199C0C170C618400EDAEB0 /* MeetPeepsTests.octest */,
			);
			name = Products;
			sourceTree = "<group>";
		};
		F2199BF4170C618400EDAEB0 /* Frameworks */ = {
			isa = PBXGroup;
			children = (
				F2199BF5170C618400EDAEB0 /* UIKit.framework */,
				F2199BF7170C618400EDAEB0 /* Foundation.framework */,
				F2199BF9170C618400EDAEB0 /* CoreGraphics.framework */,
				F2199C0D170C618400EDAEB0 /* SenTestingKit.framework */,
			);
			name = Frameworks;
			sourceTree = "<group>";
		};
		F2199BFB170C618400EDAEB0 /* MeetPeeps */ = {
			isa = PBXGroup;
			children = (
				F2199C04170C618400EDAEB0 /* testAppDelegate.h */,
				F2199C05170C618400EDAEB0 /* testAppDelegate.m */,
				F2199BFC170C618400EDAEB0 /* Supporting Files */,
			);
			path = MeetPeeps;
			sourceTree = "<group>";
		};
		F2199BFC170C618400EDAEB0 /* Supporting Files */ = {
			isa = PBXGroup;
			children = (
				F2199BFD170C618400EDAEB0 /* MeetPeeps-Info.plist */,
				F2199BFE170C618400EDAEB0 /* InfoPlist.strings */,
				F2199C01170C618400EDAEB0 /* main.m */,
				F2199C03170C618400EDAEB0 /* MeetPeeps-Prefix.pch */,
			);
			name = "Supporting Files";
			sourceTree = "<group>";
		};
		F2199C13170C618400EDAEB0 /* MeetPeepsTests */ = {
			isa = PBXGroup;
			children = (
				F2199C19170C618400EDAEB0 /* MeetPeepsTests.h */,
				F2199C1A170C618400EDAEB0 /* MeetPeepsTests.m */,
				F2199C14170C618400EDAEB0 /* Supporting Files */,
			);
			path = MeetPeepsTests;
			sourceTree = "<group>";
		};
		F2199C14170C618400EDAEB0 /* Supporting Files */ = {
			isa = PBXGroup;
			children = (
				F2199C15170C618400EDAEB0 /* MeetPeepsTests-Info.plist */,
				F2199C16170C618400EDAEB0 /* InfoPlist.strings */,
			);
			name = "Supporting Files";
			sourceTree = "<group>";
		};
/* End PBXGroup section */

/* Begin PBXNativeTarget section */
		F2199BF0170C618400EDAEB0 /* MeetPeeps */ = {
			isa = PBXNativeTarget;
			buildConfigurationList = F2199C1E170C618400EDAEB0 /* Build configuration list for PBXNativeTarget "MeetPeeps" */;
			buildPhases = (
				F2199BED170C618400EDAEB0 /* Sources */,
				F2199BEE170C618400EDAEB0 /* Frameworks */,
				F2199BEF170C618400EDAEB0 /* Resources */,
			);
			buildRules = (
			);
			dependencies = (
			);
			name = MeetPeeps;
			productName = MeetPeeps;
			productReference = F2199BF1170C618400EDAEB0 /* MeetPeeps.app */;
			productType = "com.apple.product-type.application";
		};
		F2199C0B170C618400EDAEB0 /* MeetPeepsTests */ = {
			isa = PBXNativeTarget;
			buildConfigurationList = F2199C21170C618400EDAEB0 /* Build configuration list for PBXNativeTarget "MeetPeepsTests" */;
			buildPhases = (
				F2199C07170C618400EDAEB0 /* Sources */,
				F2199C08170C618400EDAEB0 /* Frameworks */,
				F2199C09170C618400EDAEB0 /* Resources */,
				F2199C0A170C618400EDAEB0 /* ShellScript */,
			);
			buildRules = (
			);
			dependencies = (
				F2199C12170C618400EDAEB0 /* PBXTargetDependency */,
			);
			name = MeetPeepsTests;
			productName = MeetPeepsTests;
			productReference = F2199C0C170C618400EDAEB0 /* MeetPeepsTests.octest */;
			productType = "com.apple.product-type.bundle";
		};
/* End PBXNativeTarget section */

/* Begin PBXProject section */
		F2199BE8170C618300EDAEB0 /* Project object */ = {
			isa = PBXProject;
			attributes = {
				CLASSPREFIX = test;
				LastUpgradeCheck = 0430;
				ORGANIZATIONNAME = "Stephen Claire Associates";
			};
			buildConfigurationList = F2199BEB170C618300EDAEB0 /* Build configuration list for PBXProject "MeetPeeps" */;
			compatibilityVersion = "Xcode 3.2";
			developmentRegion = English;
			hasScannedForEncodings = 0;
			knownRegions = (
				en,
			);
			mainGroup = F2199BE6170C618300EDAEB0;
			productRefGroup = F2199BF2170C618400EDAEB0 /* Products */;
			projectDirPath = "";
			projectRoot = "";
			targets = (
				F2199BF0170C618400EDAEB0 /* MeetPeeps */,
				F2199C0B170C618400EDAEB0 /* MeetPeepsTests */,
			);
		};
/* End PBXProject section */

/* Begin PBXResourcesBuildPhase section */
		F2199BEF170C618400EDAEB0 /* Resources */ = {
			isa = PBXResourcesBuildPhase;
			buildActionMask = 2147483647;
			files = (
				F2199C00170C618400EDAEB0 /* InfoPlist.strings in Resources */,
			);
			runOnlyForDeploymentPostprocessing = 0;
		};
		F2199C09170C618400EDAEB0 /* Resources */ = {
			isa = PBXResourcesBuildPhase;
			buildActionMask = 2147483647;
			files = (
				F2199C18170C618400EDAEB0 /* InfoPlist.strings in Resources */,
			);
			runOnlyForDeploymentPostprocessing = 0;
		};
/* End PBXResourcesBuildPhase section */

/* Begin PBXShellScriptBuildPhase section */
		F2199C0A170C618400EDAEB0 /* ShellScript */ = {
			isa = PBXShellScriptBuildPhase;
			buildActionMask = 2147483647;
			files = (
			);
			inputPaths = (
			);
			outputPaths = (
			);
			runOnlyForDeploymentPostprocessing = 0;
			shellPath = /bin/sh;
			shellScript = "# Run the unit tests in this test bundle.\n\"${SYSTEM_DEVELOPER_DIR}/Tools/RunUnitTests\"\n";
		};
/* End PBXShellScriptBuildPhase section */

/* Begin PBXSourcesBuildPhase section */
		F2199BED170C618400EDAEB0 /* Sources */ = {
			isa = PBXSourcesBuildPhase;
			buildActionMask = 2147483647;
			files = (
				F2199C02170C618400EDAEB0 /* main.m in Sources */,
				F2199C06170C618400EDAEB0 /* testAppDelegate.m in Sources */,
			);
			runOnlyForDeploymentPostprocessing = 0;
		};
		F2199C07170C618400EDAEB0 /* Sources */ = {
			isa = PBXSourcesBuildPhase;
			buildActionMask = 2147483647;
			files = (
				F2199C1B170C618400EDAEB0 /* MeetPeepsTests.m in Sources */,
			);
			runOnlyForDeploymentPostprocessing = 0;
		};
/* End PBXSourcesBuildPhase section */

/* Begin PBXTargetDependency section */
		F2199C12170C618400EDAEB0 /* PBXTargetDependency */ = {
			isa = PBXTargetDependency;
			target = F2199BF0170C618400EDAEB0 /* MeetPeeps */;
			targetProxy = F2199C11170C618400EDAEB0 /* PBXContainerItemProxy */;
		};
/* End PBXTargetDependency section */

/* Begin PBXVariantGroup section */
		F2199BFE170C618400EDAEB0 /* InfoPlist.strings */ = {
			isa = PBXVariantGroup;
			children = (
				F2199BFF170C618400EDAEB0 /* en */,
			);
			name = InfoPlist.strings;
			sourceTree = "<group>";
		};
		F2199C16170C618400EDAEB0 /* InfoPlist.strings */ = {
			isa = PBXVariantGroup;
			children = (
				F2199C17170C618400EDAEB0 /* en */,
			);
			name = InfoPlist.strings;
			sourceTree = "<group>";
		};
/* End PBXVariantGroup section */

/* Begin XCBuildConfiguration section */
		F2199C1C170C618400EDAEB0 /* Debug */ = {
			isa = XCBuildConfiguration;
			buildSettings = {
				ALWAYS_SEARCH_USER_PATHS = NO;
				ARCHS = "$(ARCHS_STANDARD_32_BIT)";
				CLANG_ENABLE_OBJC_ARC = YES;
				"CODE_SIGN_IDENTITY[sdk=iphoneos*]" = "iPhone Developer";
				COPY_PHASE_STRIP = NO;
				GCC_C_LANGUAGE_STANDARD = gnu99;
				GCC_DYNAMIC_NO_PIC = NO;
				GCC_OPTIMIZATION_LEVEL = 0;
				GCC_PREPROCESSOR_DEFINITIONS = (
					"DEBUG=1",
					"$(inherited)",
				);
				GCC_SYMBOLS_PRIVATE_EXTERN = NO;
				GCC_VERSION = com.apple.compilers.llvm.clang.1_0;
				GCC_WARN_ABOUT_RETURN_TYPE = YES;
				GCC_WARN_UNINITIALIZED_AUTOS = YES;
				GCC_WARN_UNUSED_VARIABLE = YES;
				IPHONEOS_DEPLOYMENT_TARGET = 5.1;
				SDKROOT = iphoneos;
				TARGETED_DEVICE_FAMILY = "1,2";
			};
			name = Debug;
		};
		F2199C1D170C618400EDAEB0 /* Release */ = {
			isa = XCBuildConfiguration;
			buildSettings = {
				ALWAYS_SEARCH_USER_PATHS = NO;
				ARCHS = "$(ARCHS_STANDARD_32_BIT)";
				CLANG_ENABLE_OBJC_ARC = YES;
				"CODE_SIGN_IDENTITY[sdk=iphoneos*]" = "iPhone Developer";
				COPY_PHASE_STRIP = YES;
				GCC_C_LANGUAGE_STANDARD = gnu99;
				GCC_VERSION = com.apple.compilers.llvm.clang.1_0;
				GCC_WARN_ABOUT_RETURN_TYPE = YES;
				GCC_WARN_UNINITIALIZED_AUTOS = YES;
				GCC_WARN_UNUSED_VARIABLE = YES;
				IPHONEOS_DEPLOYMENT_TARGET = 5.1;
				OTHER_CFLAGS = "-DNS_BLOCK_ASSERTIONS=1";
				SDKROOT = iphoneos;
				TARGETED_DEVICE_FAMILY = "1,2";
				VALIDATE_PRODUCT = YES;
			};
			name = Release;
		};
		F2199C1F170C618400EDAEB0 /* Debug */ = {
			isa = XCBuildConfiguration;
			buildSettings = {
				GCC_PRECOMPILE_PREFIX_HEADER = YES;
				GCC_PREFIX_HEADER = "MeetPeeps/MeetPeeps-Prefix.pch";
				INFOPLIST_FILE = "MeetPeeps/MeetPeeps-Info.plist";
				PRODUCT_NAME = "$(TARGET_NAME)";
				WRAPPER_EXTENSION = app;
			};
			name = Debug;
		};
		F2199C20170C618400EDAEB0 /* Release */ = {
			isa = XCBuildConfiguration;
			buildSettings = {
				GCC_PRECOMPILE_PREFIX_HEADER = YES;
				GCC_PREFIX_HEADER = "MeetPeeps/MeetPeeps-Prefix.pch";
				INFOPLIST_FILE = "MeetPeeps/MeetPeeps-Info.plist";
				PRODUCT_NAME = "$(TARGET_NAME)";
				WRAPPER_EXTENSION = app;
			};
			name = Release;
		};
		F2199C22170C618400EDAEB0 /* Debug */ = {
			isa = XCBuildConfiguration;
			buildSettings = {
				BUNDLE_LOADER = "$(BUILT_PRODUCTS_DIR)/MeetPeeps.app/MeetPeeps";
				FRAMEWORK_SEARCH_PATHS = (
					"$(SDKROOT)/Developer/Library/Frameworks",
					"$(DEVELOPER_LIBRARY_DIR)/Frameworks",
				);
				GCC_PRECOMPILE_PREFIX_HEADER = YES;
				GCC_PREFIX_HEADER = "MeetPeeps/MeetPeeps-Prefix.pch";
				INFOPLIST_FILE = "MeetPeepsTests/MeetPeepsTests-Info.plist";
				PRODUCT_NAME = "$(TARGET_NAME)";
				TEST_HOST = "$(BUNDLE_LOADER)";
				WRAPPER_EXTENSION = octest;
			};
			name = Debug;
		};
		F2199C23170C618400EDAEB0 /* Release */ = {
			isa = XCBuildConfiguration;
			buildSettings = {
				BUNDLE_LOADER = "$(BUILT_PRODUCTS_DIR)/MeetPeeps.app/MeetPeeps";
				FRAMEWORK_SEARCH_PATHS = (
					"$(SDKROOT)/Developer/Library/Frameworks",
					"$(DEVELOPER_LIBRARY_DIR)/Frameworks",
				);
				GCC_PRECOMPILE_PREFIX_HEADER = YES;
				GCC_PREFIX_HEADER = "MeetPeeps/MeetPeeps-Prefix.pch";
				INFOPLIST_FILE = "MeetPeepsTests/MeetPeepsTests-Info.plist";
				PRODUCT_NAME = "$(TARGET_NAME)";
				TEST_HOST = "$(BUNDLE_LOADER)";
				WRAPPER_EXTENSION = octest;
			};
			name = Release;
		};
/* End XCBuildConfiguration section */

/* Begin XCConfigurationList section */
		F2199BEB170C618300EDAEB0 /* Build configuration list for PBXProject "MeetPeeps" */ = {
			isa = XCConfigurationList;
			buildConfigurations = (
				F2199C1C170C618400EDAEB0 /* Debug */,
				F2199C1D170C618400EDAEB0 /* Release */,
			);
			defaultConfigurationIsVisible = 0;
			defaultConfigurationName = Release;
		};
		F2199C1E170C618400EDAEB0 /* Build configuration list for PBXNativeTarget "MeetPeeps" */ = {
			isa = XCConfigurationList;
			buildConfigurations = (
				F2199C1F170C618400EDAEB0 /* Debug */,
				F2199C20170C618400EDAEB0 /* Release */,
			);
			defaultConfigurationIsVisible = 0;
		};
		F2199C21170C618400EDAEB0 /* Build configuration list for PBXNativeTarget "MeetPeepsTests" */ = {
			isa = XCConfigurationList;
			buildConfigurations = (
				F2199C22170C618400EDAEB0 /* Debug */,
				F2199C23170C618400EDAEB0 /* Release */,
			);
			defaultConfigurationIsVisible = 0;
		};
/* End XCConfigurationList section */
	};
	rootObject = F2199BE8170C618300EDAEB0 /* Project object */;
}
